// !$*UTF8*$!
{
	archiveVersion = 1;
	classes = {
	};
	objectVersion = 46;
	objects = {

/* Begin PBXBuildFile section */
		57004DBF1DB00FB0006D26B8 /* UserController.swift in Sources */ = {isa = PBXBuildFile; fileRef = 57004DBE1DB00FB0006D26B8 /* UserController.swift */; };
		571067511DB40BF900D82003 /* GoogleService-Info.plist in Resources */ = {isa = PBXBuildFile; fileRef = 571067501DB40BF900D82003 /* GoogleService-Info.plist */; };
		5712026E1DAC2A0500930C8E /* SecondViewController.swift in Sources */ = {isa = PBXBuildFile; fileRef = 5712026D1DAC2A0500930C8E /* SecondViewController.swift */; };
		5725C6A51DACE893003FE112 /* PeopleTableViewCell.swift in Sources */ = {isa = PBXBuildFile; fileRef = 5725C6A41DACE893003FE112 /* PeopleTableViewCell.swift */; };
		5725C6A71DACECB9003FE112 /* InfoCardPeopleTableViewController.swift in Sources */ = {isa = PBXBuildFile; fileRef = 5725C6A61DACECB9003FE112 /* InfoCardPeopleTableViewController.swift */; };
		5729C56B1DAD4D2A00B4E1D2 /* ConversationCollectionViewController.swift in Sources */ = {isa = PBXBuildFile; fileRef = 5729C56A1DAD4D2A00B4E1D2 /* ConversationCollectionViewController.swift */; };
		574218B11DB5FF0E00B09633 /* MainNavigationController.swift in Sources */ = {isa = PBXBuildFile; fileRef = 574218B01DB5FF0E00B09633 /* MainNavigationController.swift */; };
		574218B31DB60F8400B09633 /* UserWrapper.swift in Sources */ = {isa = PBXBuildFile; fileRef = 574218B21DB60F8400B09633 /* UserWrapper.swift */; };
		578BAD6B1DAB75CA000360DB /* AppDelegate.swift in Sources */ = {isa = PBXBuildFile; fileRef = 578BAD6A1DAB75CA000360DB /* AppDelegate.swift */; };
		578BAD6D1DAB75CA000360DB /* ViewController.swift in Sources */ = {isa = PBXBuildFile; fileRef = 578BAD6C1DAB75CA000360DB /* ViewController.swift */; };
		578BAD701DAB75CA000360DB /* Main.storyboard in Resources */ = {isa = PBXBuildFile; fileRef = 578BAD6E1DAB75CA000360DB /* Main.storyboard */; };
		578BAD721DAB75CA000360DB /* Assets.xcassets in Resources */ = {isa = PBXBuildFile; fileRef = 578BAD711DAB75CA000360DB /* Assets.xcassets */; };
		578BAD751DAB75CA000360DB /* LaunchScreen.storyboard in Resources */ = {isa = PBXBuildFile; fileRef = 578BAD731DAB75CA000360DB /* LaunchScreen.storyboard */; };
		578BAD7D1DAB7E9D000360DB /* TextFieldsWithPadding.swift in Sources */ = {isa = PBXBuildFile; fileRef = 578BAD7C1DAB7E9D000360DB /* TextFieldsWithPadding.swift */; };
		57E44B531DAE929000AF707F /* ConversationCollectionViewCell.swift in Sources */ = {isa = PBXBuildFile; fileRef = 57E44B521DAE929000AF707F /* ConversationCollectionViewCell.swift */; };
		57EFD2051DB3FAEB00027146 /* SignUpViewController.swift in Sources */ = {isa = PBXBuildFile; fileRef = 57EFD2041DB3FAEB00027146 /* SignUpViewController.swift */; };
		F641A47861C25A5643874D87 /* Pods_MessengerAppIPhone.framework in Frameworks */ = {isa = PBXBuildFile; fileRef = 3E9069AEB5EB62DBF7365CEA /* Pods_MessengerAppIPhone.framework */; };
/* End PBXBuildFile section */

/* Begin PBXFileReference section */
		0E5158AA72CE3E8BCFD0DC62 /* Pods-MessengerAppIPhone.debug.xcconfig */ = {isa = PBXFileReference; includeInIndex = 1; lastKnownFileType = text.xcconfig; name = "Pods-MessengerAppIPhone.debug.xcconfig"; path = "Pods/Target Support Files/Pods-MessengerAppIPhone/Pods-MessengerAppIPhone.debug.xcconfig"; sourceTree = "<group>"; };
		2563554EF2FB1D6AAE3D5BD5 /* Pods-MessengerAppIPhone.release.xcconfig */ = {isa = PBXFileReference; includeInIndex = 1; lastKnownFileType = text.xcconfig; name = "Pods-MessengerAppIPhone.release.xcconfig"; path = "Pods/Target Support Files/Pods-MessengerAppIPhone/Pods-MessengerAppIPhone.release.xcconfig"; sourceTree = "<group>"; };
		3E9069AEB5EB62DBF7365CEA /* Pods_MessengerAppIPhone.framework */ = {isa = PBXFileReference; explicitFileType = wrapper.framework; includeInIndex = 0; path = Pods_MessengerAppIPhone.framework; sourceTree = BUILT_PRODUCTS_DIR; };
		57004DBE1DB00FB0006D26B8 /* UserController.swift */ = {isa = PBXFileReference; fileEncoding = 4; lastKnownFileType = sourcecode.swift; path = UserController.swift; sourceTree = "<group>"; };
		571067501DB40BF900D82003 /* GoogleService-Info.plist */ = {isa = PBXFileReference; fileEncoding = 4; lastKnownFileType = text.plist.xml; name = "GoogleService-Info.plist"; path = "../../../../Downloads/GoogleService-Info.plist"; sourceTree = "<group>"; };
		5712026D1DAC2A0500930C8E /* SecondViewController.swift */ = {isa = PBXFileReference; fileEncoding = 4; lastKnownFileType = sourcecode.swift; path = SecondViewController.swift; sourceTree = "<group>"; };
		5725C6A41DACE893003FE112 /* PeopleTableViewCell.swift */ = {isa = PBXFileReference; fileEncoding = 4; lastKnownFileType = sourcecode.swift; path = PeopleTableViewCell.swift; sourceTree = "<group>"; };
		5725C6A61DACECB9003FE112 /* InfoCardPeopleTableViewController.swift */ = {isa = PBXFileReference; fileEncoding = 4; lastKnownFileType = sourcecode.swift; path = InfoCardPeopleTableViewController.swift; sourceTree = "<group>"; };
		5729C56A1DAD4D2A00B4E1D2 /* ConversationCollectionViewController.swift */ = {isa = PBXFileReference; fileEncoding = 4; lastKnownFileType = sourcecode.swift; path = ConversationCollectionViewController.swift; sourceTree = "<group>"; };
		574218B01DB5FF0E00B09633 /* MainNavigationController.swift */ = {isa = PBXFileReference; fileEncoding = 4; lastKnownFileType = sourcecode.swift; path = MainNavigationController.swift; sourceTree = "<group>"; };
		574218B21DB60F8400B09633 /* UserWrapper.swift */ = {isa = PBXFileReference; fileEncoding = 4; lastKnownFileType = sourcecode.swift; path = UserWrapper.swift; sourceTree = "<group>"; };
		578BAD671DAB75CA000360DB /* MessengerAppIPhone.app */ = {isa = PBXFileReference; explicitFileType = wrapper.application; includeInIndex = 0; path = MessengerAppIPhone.app; sourceTree = BUILT_PRODUCTS_DIR; };
		578BAD6A1DAB75CA000360DB /* AppDelegate.swift */ = {isa = PBXFileReference; lastKnownFileType = sourcecode.swift; path = AppDelegate.swift; sourceTree = "<group>"; };
		578BAD6C1DAB75CA000360DB /* ViewController.swift */ = {isa = PBXFileReference; lastKnownFileType = sourcecode.swift; path = ViewController.swift; sourceTree = "<group>"; };
		578BAD6F1DAB75CA000360DB /* Base */ = {isa = PBXFileReference; lastKnownFileType = file.storyboard; name = Base; path = Base.lproj/Main.storyboard; sourceTree = "<group>"; };
		578BAD711DAB75CA000360DB /* Assets.xcassets */ = {isa = PBXFileReference; lastKnownFileType = folder.assetcatalog; path = Assets.xcassets; sourceTree = "<group>"; };
		578BAD741DAB75CA000360DB /* Base */ = {isa = PBXFileReference; lastKnownFileType = file.storyboard; name = Base; path = Base.lproj/LaunchScreen.storyboard; sourceTree = "<group>"; };
		578BAD761DAB75CA000360DB /* Info.plist */ = {isa = PBXFileReference; lastKnownFileType = text.plist.xml; path = Info.plist; sourceTree = "<group>"; };
		578BAD7C1DAB7E9D000360DB /* TextFieldsWithPadding.swift */ = {isa = PBXFileReference; fileEncoding = 4; lastKnownFileType = sourcecode.swift; path = TextFieldsWithPadding.swift; sourceTree = "<group>"; };
		57E44B521DAE929000AF707F /* ConversationCollectionViewCell.swift */ = {isa = PBXFileReference; fileEncoding = 4; lastKnownFileType = sourcecode.swift; path = ConversationCollectionViewCell.swift; sourceTree = "<group>"; };
		57EFD2041DB3FAEB00027146 /* SignUpViewController.swift */ = {isa = PBXFileReference; fileEncoding = 4; lastKnownFileType = sourcecode.swift; path = SignUpViewController.swift; sourceTree = "<group>"; };
/* End PBXFileReference section */

/* Begin PBXFrameworksBuildPhase section */
		578BAD641DAB75CA000360DB /* Frameworks */ = {
			isa = PBXFrameworksBuildPhase;
			buildActionMask = 2147483647;
			files = (
				F641A47861C25A5643874D87 /* Pods_MessengerAppIPhone.framework in Frameworks */,
			);
			runOnlyForDeploymentPostprocessing = 0;
		};
/* End PBXFrameworksBuildPhase section */

/* Begin PBXGroup section */
		578BAD5E1DAB75CA000360DB = {
			isa = PBXGroup;
			children = (
				578BAD691DAB75CA000360DB /* MessengerAppIPhone */,
				578BAD681DAB75CA000360DB /* Products */,
				80AB43356ADDEB52EFC2B679 /* Pods */,
				DCA4832683B52BBE4B407B4A /* Frameworks */,
			);
			sourceTree = "<group>";
		};
		578BAD681DAB75CA000360DB /* Products */ = {
			isa = PBXGroup;
			children = (
				578BAD671DAB75CA000360DB /* MessengerAppIPhone.app */,
			);
			name = Products;
			sourceTree = "<group>";
		};
		578BAD691DAB75CA000360DB /* MessengerAppIPhone */ = {
			isa = PBXGroup;
			children = (
				571067501DB40BF900D82003 /* GoogleService-Info.plist */,
				578BAD6A1DAB75CA000360DB /* AppDelegate.swift */,
				578BAD6C1DAB75CA000360DB /* ViewController.swift */,
				57EFD2041DB3FAEB00027146 /* SignUpViewController.swift */,
				5712026D1DAC2A0500930C8E /* SecondViewController.swift */,
				574218B21DB60F8400B09633 /* UserWrapper.swift */,
				5729C56A1DAD4D2A00B4E1D2 /* ConversationCollectionViewController.swift */,
				57004DBE1DB00FB0006D26B8 /* UserController.swift */,
				57E44B521DAE929000AF707F /* ConversationCollectionViewCell.swift */,
				5725C6A61DACECB9003FE112 /* InfoCardPeopleTableViewController.swift */,
				5725C6A41DACE893003FE112 /* PeopleTableViewCell.swift */,
				578BAD7C1DAB7E9D000360DB /* TextFieldsWithPadding.swift */,
				574218B01DB5FF0E00B09633 /* MainNavigationController.swift */,
				578BAD6E1DAB75CA000360DB /* Main.storyboard */,
				578BAD711DAB75CA000360DB /* Assets.xcassets */,
				578BAD731DAB75CA000360DB /* LaunchScreen.storyboard */,
				578BAD761DAB75CA000360DB /* Info.plist */,
			);
			path = MessengerAppIPhone;
			sourceTree = "<group>";
		};
		80AB43356ADDEB52EFC2B679 /* Pods */ = {
			isa = PBXGroup;
			children = (
				0E5158AA72CE3E8BCFD0DC62 /* Pods-MessengerAppIPhone.debug.xcconfig */,
				2563554EF2FB1D6AAE3D5BD5 /* Pods-MessengerAppIPhone.release.xcconfig */,
			);
			name = Pods;
			sourceTree = "<group>";
		};
		DCA4832683B52BBE4B407B4A /* Frameworks */ = {
			isa = PBXGroup;
			children = (
				3E9069AEB5EB62DBF7365CEA /* Pods_MessengerAppIPhone.framework */,
			);
			name = Frameworks;
			sourceTree = "<group>";
		};
/* End PBXGroup section */

/* Begin PBXNativeTarget section */
		578BAD661DAB75CA000360DB /* MessengerAppIPhone */ = {
			isa = PBXNativeTarget;
			buildConfigurationList = 578BAD791DAB75CA000360DB /* Build configuration list for PBXNativeTarget "MessengerAppIPhone" */;
			buildPhases = (
				F6CE7AD7470AD7FB3242E5D8 /* [CP] Check Pods Manifest.lock */,
				578BAD631DAB75CA000360DB /* Sources */,
				578BAD641DAB75CA000360DB /* Frameworks */,
				578BAD651DAB75CA000360DB /* Resources */,
				7042EADCC57F9815C6601C65 /* [CP] Embed Pods Frameworks */,
				8762986603647DA177967228 /* [CP] Copy Pods Resources */,
			);
			buildRules = (
			);
			dependencies = (
			);
			name = MessengerAppIPhone;
			productName = MessengerAppIPhone;
			productReference = 578BAD671DAB75CA000360DB /* MessengerAppIPhone.app */;
			productType = "com.apple.product-type.application";
		};
/* End PBXNativeTarget section */

/* Begin PBXProject section */
		578BAD5F1DAB75CA000360DB /* Project object */ = {
			isa = PBXProject;
			attributes = {
				LastSwiftUpdateCheck = 0800;
				LastUpgradeCheck = 0800;
				ORGANIZATIONNAME = vicmac;
				TargetAttributes = {
					578BAD661DAB75CA000360DB = {
						CreatedOnToolsVersion = 8.0;
						DevelopmentTeam = QGC6R3D2VE;
						ProvisioningStyle = Automatic;
					};
				};
			};
			buildConfigurationList = 578BAD621DAB75CA000360DB /* Build configuration list for PBXProject "MessengerAppIPhone" */;
			compatibilityVersion = "Xcode 3.2";
			developmentRegion = English;
			hasScannedForEncodings = 0;
			knownRegions = (
				en,
				Base,
			);
			mainGroup = 578BAD5E1DAB75CA000360DB;
			productRefGroup = 578BAD681DAB75CA000360DB /* Products */;
			projectDirPath = "";
			projectRoot = "";
			targets = (
				578BAD661DAB75CA000360DB /* MessengerAppIPhone */,
			);
		};
/* End PBXProject section */

/* Begin PBXResourcesBuildPhase section */
		578BAD651DAB75CA000360DB /* Resources */ = {
			isa = PBXResourcesBuildPhase;
			buildActionMask = 2147483647;
			files = (
				578BAD751DAB75CA000360DB /* LaunchScreen.storyboard in Resources */,
				571067511DB40BF900D82003 /* GoogleService-Info.plist in Resources */,
				578BAD721DAB75CA000360DB /* Assets.xcassets in Resources */,
				578BAD701DAB75CA000360DB /* Main.storyboard in Resources */,
			);
			runOnlyForDeploymentPostprocessing = 0;
		};
/* End PBXResourcesBuildPhase section */

/* Begin PBXShellScriptBuildPhase section */
		7042EADCC57F9815C6601C65 /* [CP] Embed Pods Frameworks */ = {
			isa = PBXShellScriptBuildPhase;
			buildActionMask = 2147483647;
			files = (
			);
			inputPaths = (
			);
			name = "[CP] Embed Pods Frameworks";
			outputPaths = (
			);
			runOnlyForDeploymentPostprocessing = 0;
			shellPath = /bin/sh;
			shellScript = "\"${SRCROOT}/Pods/Target Support Files/Pods-MessengerAppIPhone/Pods-MessengerAppIPhone-frameworks.sh\"\n";
			showEnvVarsInLog = 0;
		};
		8762986603647DA177967228 /* [CP] Copy Pods Resources */ = {
			isa = PBXShellScriptBuildPhase;
			buildActionMask = 2147483647;
			files = (
			);
			inputPaths = (
			);
			name = "[CP] Copy Pods Resources";
			outputPaths = (
			);
			runOnlyForDeploymentPostprocessing = 0;
			shellPath = /bin/sh;
			shellScript = "\"${SRCROOT}/Pods/Target Support Files/Pods-MessengerAppIPhone/Pods-MessengerAppIPhone-resources.sh\"\n";
			showEnvVarsInLog = 0;
		};
		F6CE7AD7470AD7FB3242E5D8 /* [CP] Check Pods Manifest.lock */ = {
			isa = PBXShellScriptBuildPhase;
			buildActionMask = 2147483647;
			files = (
			);
			inputPaths = (
			);
			name = "[CP] Check Pods Manifest.lock";
			outputPaths = (
			);
			runOnlyForDeploymentPostprocessing = 0;
			shellPath = /bin/sh;
			shellScript = "diff \"${PODS_ROOT}/../Podfile.lock\" \"${PODS_ROOT}/Manifest.lock\" > /dev/null\nif [ $? != 0 ] ; then\n    # print error to STDERR\n    echo \"error: The sandbox is not in sync with the Podfile.lock. Run 'pod install' or update your CocoaPods installation.\" >&2\n    exit 1\nfi\n";
			showEnvVarsInLog = 0;
		};
/* End PBXShellScriptBuildPhase section */

/* Begin PBXSourcesBuildPhase section */
		578BAD631DAB75CA000360DB /* Sources */ = {
			isa = PBXSourcesBuildPhase;
			buildActionMask = 2147483647;
			files = (
				57004DBF1DB00FB0006D26B8 /* UserController.swift in Sources */,
				5729C56B1DAD4D2A00B4E1D2 /* ConversationCollectionViewController.swift in Sources */,
				5725C6A51DACE893003FE112 /* PeopleTableViewCell.swift in Sources */,
				574218B11DB5FF0E00B09633 /* MainNavigationController.swift in Sources */,
				574218B31DB60F8400B09633 /* UserWrapper.swift in Sources */,
				5712026E1DAC2A0500930C8E /* SecondViewController.swift in Sources */,
				57EFD2051DB3FAEB00027146 /* SignUpViewController.swift in Sources */,
				578BAD6D1DAB75CA000360DB /* ViewController.swift in Sources */,
				578BAD7D1DAB7E9D000360DB /* TextFieldsWithPadding.swift in Sources */,
				5725C6A71DACECB9003FE112 /* InfoCardPeopleTableViewController.swift in Sources */,
				578BAD6B1DAB75CA000360DB /* AppDelegate.swift in Sources */,
				57E44B531DAE929000AF707F /* ConversationCollectionViewCell.swift in Sources */,
			);
			runOnlyForDeploymentPostprocessing = 0;
		};
/* End PBXSourcesBuildPhase section */

/* Begin PBXVariantGroup section */
		578BAD6E1DAB75CA000360DB /* Main.storyboard */ = {
			isa = PBXVariantGroup;
			children = (
				578BAD6F1DAB75CA000360DB /* Base */,
			);
			name = Main.storyboard;
			sourceTree = "<group>";
		};
		578BAD731DAB75CA000360DB /* LaunchScreen.storyboard */ = {
			isa = PBXVariantGroup;
			children = (
				578BAD741DAB75CA000360DB /* Base */,
			);
			name = LaunchScreen.storyboard;
			sourceTree = "<group>";
		};
/* End PBXVariantGroup section */

/* Begin XCBuildConfiguration section */
		578BAD771DAB75CA000360DB /* Debug */ = {
			isa = XCBuildConfiguration;
			buildSettings = {
				ALWAYS_SEARCH_USER_PATHS = NO;
				CLANG_ANALYZER_NONNULL = YES;
				CLANG_CXX_LANGUAGE_STANDARD = "gnu++0x";
				CLANG_CXX_LIBRARY = "libc++";
				CLANG_ENABLE_MODULES = YES;
				CLANG_ENABLE_OBJC_ARC = YES;
				CLANG_WARN_BOOL_CONVERSION = YES;
				CLANG_WARN_CONSTANT_CONVERSION = YES;
				CLANG_WARN_DIRECT_OBJC_ISA_USAGE = YES_ERROR;
				CLANG_WARN_DOCUMENTATION_COMMENTS = YES;
				CLANG_WARN_EMPTY_BODY = YES;
				CLANG_WARN_ENUM_CONVERSION = YES;
				CLANG_WARN_INFINITE_RECURSION = YES;
				CLANG_WARN_INT_CONVERSION = YES;
				CLANG_WARN_OBJC_ROOT_CLASS = YES_ERROR;
				CLANG_WARN_SUSPICIOUS_MOVES = YES;
				CLANG_WARN_UNREACHABLE_CODE = YES;
				CLANG_WARN__DUPLICATE_METHOD_MATCH = YES;
				"CODE_SIGN_IDENTITY[sdk=iphoneos*]" = "iPhone Developer";
				COPY_PHASE_STRIP = NO;
				DEBUG_INFORMATION_FORMAT = dwarf;
				ENABLE_STRICT_OBJC_MSGSEND = YES;
				ENABLE_TESTABILITY = YES;
				GCC_C_LANGUAGE_STANDARD = gnu99;
				GCC_DYNAMIC_NO_PIC = NO;
				GCC_NO_COMMON_BLOCKS = YES;
				GCC_OPTIMIZATION_LEVEL = 0;
				GCC_PREPROCESSOR_DEFINITIONS = (
					"DEBUG=1",
					"$(inherited)",
				);
				GCC_WARN_64_TO_32_BIT_CONVERSION = YES;
				GCC_WARN_ABOUT_RETURN_TYPE = YES_ERROR;
				GCC_WARN_UNDECLARED_SELECTOR = YES;
				GCC_WARN_UNINITIALIZED_AUTOS = YES_AGGRESSIVE;
				GCC_WARN_UNUSED_FUNCTION = YES;
				GCC_WARN_UNUSED_VARIABLE = YES;
				IPHONEOS_DEPLOYMENT_TARGET = 10.0;
				MTL_ENABLE_DEBUG_INFO = YES;
				ONLY_ACTIVE_ARCH = YES;
				SDKROOT = iphoneos;
				SWIFT_ACTIVE_COMPILATION_CONDITIONS = DEBUG;
				SWIFT_OPTIMIZATION_LEVEL = "-Onone";
			};
			name = Debug;
		};
		578BAD781DAB75CA000360DB /* Release */ = {
			isa = XCBuildConfiguration;
			buildSettings = {
				ALWAYS_SEARCH_USER_PATHS = NO;
				CLANG_ANALYZER_NONNULL = YES;
				CLANG_CXX_LANGUAGE_STANDARD = "gnu++0x";
				CLANG_CXX_LIBRARY = "libc++";
				CLANG_ENABLE_MODULES = YES;
				CLANG_ENABLE_OBJC_ARC = YES;
				CLANG_WARN_BOOL_CONVERSION = YES;
				CLANG_WARN_CONSTANT_CONVERSION = YES;
				CLANG_WARN_DIRECT_OBJC_ISA_USAGE = YES_ERROR;
				CLANG_WARN_DOCUMENTATION_COMMENTS = YES;
				CLANG_WARN_EMPTY_BODY = YES;
				CLANG_WARN_ENUM_CONVERSION = YES;
				CLANG_WARN_INFINITE_RECURSION = YES;
				CLANG_WARN_INT_CONVERSION = YES;
				CLANG_WARN_OBJC_ROOT_CLASS = YES_ERROR;
				CLANG_WARN_SUSPICIOUS_MOVES = YES;
				CLANG_WARN_UNREACHABLE_CODE = YES;
				CLANG_WARN__DUPLICATE_METHOD_MATCH = YES;
				"CODE_SIGN_IDENTITY[sdk=iphoneos*]" = "iPhone Developer";
				COPY_PHASE_STRIP = NO;
				DEBUG_INFORMATION_FORMAT = "dwarf-with-dsym";
				ENABLE_NS_ASSERTIONS = NO;
				ENABLE_STRICT_OBJC_MSGSEND = YES;
				GCC_C_LANGUAGE_STANDARD = gnu99;
				GCC_NO_COMMON_BLOCKS = YES;
				GCC_WARN_64_TO_32_BIT_CONVERSION = YES;
				GCC_WARN_ABOUT_RETURN_TYPE = YES_ERROR;
				GCC_WARN_UNDECLARED_SELECTOR = YES;
				GCC_WARN_UNINITIALIZED_AUTOS = YES_AGGRESSIVE;
				GCC_WARN_UNUSED_FUNCTION = YES;
				GCC_WARN_UNUSED_VARIABLE = YES;
				IPHONEOS_DEPLOYMENT_TARGET = 10.0;
				MTL_ENABLE_DEBUG_INFO = NO;
				SDKROOT = iphoneos;
				SWIFT_OPTIMIZATION_LEVEL = "-Owholemodule";
				VALIDATE_PRODUCT = YES;
			};
			name = Release;
		};
		578BAD7A1DAB75CA000360DB /* Debug */ = {
			isa = XCBuildConfiguration;
			baseConfigurationReference = 0E5158AA72CE3E8BCFD0DC62 /* Pods-MessengerAppIPhone.debug.xcconfig */;
			buildSettings = {
				ASSETCATALOG_COMPILER_APPICON_NAME = AppIcon;
				DEVELOPMENT_TEAM = QGC6R3D2VE;
				INFOPLIST_FILE = MessengerAppIPhone/Info.plist;
				LD_RUNPATH_SEARCH_PATHS = "$(inherited) @executable_path/Frameworks";
				PRODUCT_BUNDLE_IDENTIFIER = com.flamingo.FlamingoMessenger;
				PRODUCT_NAME = "$(TARGET_NAME)";
				SWIFT_VERSION = 3.0;
			};
			name = Debug;
		};
		578BAD7B1DAB75CA000360DB /* Release */ = {
			isa = XCBuildConfiguration;
			baseConfigurationReference = 2563554EF2FB1D6AAE3D5BD5 /* Pods-MessengerAppIPhone.release.xcconfig */;
			buildSettings = {
				ASSETCATALOG_COMPILER_APPICON_NAME = AppIcon;
				DEVELOPMENT_TEAM = QGC6R3D2VE;
				INFOPLIST_FILE = MessengerAppIPhone/Info.plist;
				LD_RUNPATH_SEARCH_PATHS = "$(inherited) @executable_path/Frameworks";
				PRODUCT_BUNDLE_IDENTIFIER = com.flamingo.FlamingoMessenger;
				PRODUCT_NAME = "$(TARGET_NAME)";
				SWIFT_VERSION = 3.0;
			};
			name = Release;
		};
/* End XCBuildConfiguration section */

/* Begin XCConfigurationList section */
		578BAD621DAB75CA000360DB /* Build configuration list for PBXProject "MessengerAppIPhone" */ = {
			isa = XCConfigurationList;
			buildConfigurations = (
				578BAD771DAB75CA000360DB /* Debug */,
				578BAD781DAB75CA000360DB /* Release */,
			);
			defaultConfigurationIsVisible = 0;
			defaultConfigurationName = Release;
		};
		578BAD791DAB75CA000360DB /* Build configuration list for PBXNativeTarget "MessengerAppIPhone" */ = {
			isa = XCConfigurationList;
			buildConfigurations = (
				578BAD7A1DAB75CA000360DB /* Debug */,
				578BAD7B1DAB75CA000360DB /* Release */,
			);
			defaultConfigurationIsVisible = 0;
			defaultConfigurationName = Release;
		};
/* End XCConfigurationList section */
	};
	rootObject = 578BAD5F1DAB75CA000360DB /* Project object */;
}
